// !$*UTF8*$!
{
	archiveVersion = 1;
	classes = {
	};
	objectVersion = 56;
	objects = {

/* Begin PBXBuildFile section */
		0ADAEFD0295A375500967BB2 /* TrailsMakingTestApp.swift in Sources */ = {isa = PBXBuildFile; fileRef = 0ADAEFCF295A375500967BB2 /* TrailsMakingTestApp.swift */; };
		0ADAEFD2295A375500967BB2 /* ContentView.swift in Sources */ = {isa = PBXBuildFile; fileRef = 0ADAEFD1295A375500967BB2 /* ContentView.swift */; };
		0ADAEFD4295A375600967BB2 /* Assets.xcassets in Resources */ = {isa = PBXBuildFile; fileRef = 0ADAEFD3295A375600967BB2 /* Assets.xcassets */; };
		0ADAEFD8295A375600967BB2 /* Preview Assets.xcassets in Resources */ = {isa = PBXBuildFile; fileRef = 0ADAEFD7295A375600967BB2 /* Preview Assets.xcassets */; };
		0ADAEFE2295A375700967BB2 /* TrailsMakingTestTests.swift in Sources */ = {isa = PBXBuildFile; fileRef = 0ADAEFE1295A375700967BB2 /* TrailsMakingTestTests.swift */; };
		0ADAEFEC295A375700967BB2 /* TrailsMakingTestUITests.swift in Sources */ = {isa = PBXBuildFile; fileRef = 0ADAEFEB295A375700967BB2 /* TrailsMakingTestUITests.swift */; };
		0ADAEFEE295A375700967BB2 /* TrailsMakingTestUITestsLaunchTests.swift in Sources */ = {isa = PBXBuildFile; fileRef = 0ADAEFED295A375700967BB2 /* TrailsMakingTestUITestsLaunchTests.swift */; };
/* End PBXBuildFile section */

/* Begin PBXContainerItemProxy section */
		0ADAEFDE295A375700967BB2 /* PBXContainerItemProxy */ = {
			isa = PBXContainerItemProxy;
			containerPortal = 0ADAEFC4295A375500967BB2 /* Project object */;
			proxyType = 1;
			remoteGlobalIDString = 0ADAEFCB295A375500967BB2;
			remoteInfo = TrailsMakingTest;
		};
		0ADAEFE8295A375700967BB2 /* PBXContainerItemProxy */ = {
			isa = PBXContainerItemProxy;
			containerPortal = 0ADAEFC4295A375500967BB2 /* Project object */;
			proxyType = 1;
			remoteGlobalIDString = 0ADAEFCB295A375500967BB2;
			remoteInfo = TrailsMakingTest;
		};
/* End PBXContainerItemProxy section */

/* Begin PBXFileReference section */
		0ADAEFCC295A375500967BB2 /* TrailsMakingTest.app */ = {isa = PBXFileReference; explicitFileType = wrapper.application; includeInIndex = 0; path = TrailsMakingTest.app; sourceTree = BUILT_PRODUCTS_DIR; };
		0ADAEFCF295A375500967BB2 /* TrailsMakingTestApp.swift */ = {isa = PBXFileReference; lastKnownFileType = sourcecode.swift; path = TrailsMakingTestApp.swift; sourceTree = "<group>"; };
		0ADAEFD1295A375500967BB2 /* ContentView.swift */ = {isa = PBXFileReference; lastKnownFileType = sourcecode.swift; path = ContentView.swift; sourceTree = "<group>"; };
		0ADAEFD3295A375600967BB2 /* Assets.xcassets */ = {isa = PBXFileReference; lastKnownFileType = folder.assetcatalog; path = Assets.xcassets; sourceTree = "<group>"; };
		0ADAEFD5295A375600967BB2 /* TrailsMakingTest.entitlements */ = {isa = PBXFileReference; lastKnownFileType = text.plist.entitlements; path = TrailsMakingTest.entitlements; sourceTree = "<group>"; };
		0ADAEFD7295A375600967BB2 /* Preview Assets.xcassets */ = {isa = PBXFileReference; lastKnownFileType = folder.assetcatalog; path = "Preview Assets.xcassets"; sourceTree = "<group>"; };
		0ADAEFDD295A375700967BB2 /* TrailsMakingTestTests.xctest */ = {isa = PBXFileReference; explicitFileType = wrapper.cfbundle; includeInIndex = 0; path = TrailsMakingTestTests.xctest; sourceTree = BUILT_PRODUCTS_DIR; };
		0ADAEFE1295A375700967BB2 /* TrailsMakingTestTests.swift */ = {isa = PBXFileReference; lastKnownFileType = sourcecode.swift; path = TrailsMakingTestTests.swift; sourceTree = "<group>"; };
		0ADAEFE7295A375700967BB2 /* TrailsMakingTestUITests.xctest */ = {isa = PBXFileReference; explicitFileType = wrapper.cfbundle; includeInIndex = 0; path = TrailsMakingTestUITests.xctest; sourceTree = BUILT_PRODUCTS_DIR; };
		0ADAEFEB295A375700967BB2 /* TrailsMakingTestUITests.swift */ = {isa = PBXFileReference; lastKnownFileType = sourcecode.swift; path = TrailsMakingTestUITests.swift; sourceTree = "<group>"; };
		0ADAEFED295A375700967BB2 /* TrailsMakingTestUITestsLaunchTests.swift */ = {isa = PBXFileReference; lastKnownFileType = sourcecode.swift; path = TrailsMakingTestUITestsLaunchTests.swift; sourceTree = "<group>"; };
/* End PBXFileReference section */

/* Begin PBXFrameworksBuildPhase section */
		0ADAEFC9295A375500967BB2 /* Frameworks */ = {
			isa = PBXFrameworksBuildPhase;
			buildActionMask = 2147483647;
			files = (
			);
			runOnlyForDeploymentPostprocessing = 0;
		};
		0ADAEFDA295A375700967BB2 /* Frameworks */ = {
			isa = PBXFrameworksBuildPhase;
			buildActionMask = 2147483647;
			files = (
			);
			runOnlyForDeploymentPostprocessing = 0;
		};
		0ADAEFE4295A375700967BB2 /* Frameworks */ = {
			isa = PBXFrameworksBuildPhase;
			buildActionMask = 2147483647;
			files = (
			);
			runOnlyForDeploymentPostprocessing = 0;
		};
/* End PBXFrameworksBuildPhase section */

/* Begin PBXGroup section */
		0ADAEFC3295A375500967BB2 = {
			isa = PBXGroup;
			children = (
				0ADAEFCE295A375500967BB2 /* TrailsMakingTest */,
				0ADAEFE0295A375700967BB2 /* TrailsMakingTestTests */,
				0ADAEFEA295A375700967BB2 /* TrailsMakingTestUITests */,
				0ADAEFCD295A375500967BB2 /* Products */,
			);
			sourceTree = "<group>";
		};
		0ADAEFCD295A375500967BB2 /* Products */ = {
			isa = PBXGroup;
			children = (
				0ADAEFCC295A375500967BB2 /* TrailsMakingTest.app */,
				0ADAEFDD295A375700967BB2 /* TrailsMakingTestTests.xctest */,
				0ADAEFE7295A375700967BB2 /* TrailsMakingTestUITests.xctest */,
			);
			name = Products;
			sourceTree = "<group>";
		};
		0ADAEFCE295A375500967BB2 /* TrailsMakingTest */ = {
			isa = PBXGroup;
			children = (
				0ADAEFCF295A375500967BB2 /* TrailsMakingTestApp.swift */,
				0ADAEFD1295A375500967BB2 /* ContentView.swift */,
				0ADAEFD3295A375600967BB2 /* Assets.xcassets */,
				0ADAEFD5295A375600967BB2 /* TrailsMakingTest.entitlements */,
				0ADAEFD6295A375600967BB2 /* Preview Content */,
			);
			path = TrailsMakingTest;
			sourceTree = "<group>";
		};
		0ADAEFD6295A375600967BB2 /* Preview Content */ = {
			isa = PBXGroup;
			children = (
				0ADAEFD7295A375600967BB2 /* Preview Assets.xcassets */,
			);
			path = "Preview Content";
			sourceTree = "<group>";
		};
		0ADAEFE0295A375700967BB2 /* TrailsMakingTestTests */ = {
			isa = PBXGroup;
			children = (
				0ADAEFE1295A375700967BB2 /* TrailsMakingTestTests.swift */,
			);
			path = TrailsMakingTestTests;
			sourceTree = "<group>";
		};
		0ADAEFEA295A375700967BB2 /* TrailsMakingTestUITests */ = {
			isa = PBXGroup;
			children = (
				0ADAEFEB295A375700967BB2 /* TrailsMakingTestUITests.swift */,
				0ADAEFED295A375700967BB2 /* TrailsMakingTestUITestsLaunchTests.swift */,
			);
			path = TrailsMakingTestUITests;
			sourceTree = "<group>";
		};
/* End PBXGroup section */

/* Begin PBXNativeTarget section */
		0ADAEFCB295A375500967BB2 /* TrailsMakingTest */ = {
			isa = PBXNativeTarget;
			buildConfigurationList = 0ADAEFF1295A375700967BB2 /* Build configuration list for PBXNativeTarget "TrailsMakingTest" */;
			buildPhases = (
				0ADAEFC8295A375500967BB2 /* Sources */,
				0ADAEFC9295A375500967BB2 /* Frameworks */,
				0ADAEFCA295A375500967BB2 /* Resources */,
			);
			buildRules = (
			);
			dependencies = (
			);
			name = TrailsMakingTest;
			productName = TrailsMakingTest;
			productReference = 0ADAEFCC295A375500967BB2 /* TrailsMakingTest.app */;
			productType = "com.apple.product-type.application";
		};
		0ADAEFDC295A375700967BB2 /* TrailsMakingTestTests */ = {
			isa = PBXNativeTarget;
			buildConfigurationList = 0ADAEFF4295A375700967BB2 /* Build configuration list for PBXNativeTarget "TrailsMakingTestTests" */;
			buildPhases = (
				0ADAEFD9295A375700967BB2 /* Sources */,
				0ADAEFDA295A375700967BB2 /* Frameworks */,
				0ADAEFDB295A375700967BB2 /* Resources */,
			);
			buildRules = (
			);
			dependencies = (
				0ADAEFDF295A375700967BB2 /* PBXTargetDependency */,
			);
			name = TrailsMakingTestTests;
			productName = TrailsMakingTestTests;
			productReference = 0ADAEFDD295A375700967BB2 /* TrailsMakingTestTests.xctest */;
			productType = "com.apple.product-type.bundle.unit-test";
		};
		0ADAEFE6295A375700967BB2 /* TrailsMakingTestUITests */ = {
			isa = PBXNativeTarget;
			buildConfigurationList = 0ADAEFF7295A375700967BB2 /* Build configuration list for PBXNativeTarget "TrailsMakingTestUITests" */;
			buildPhases = (
				0ADAEFE3295A375700967BB2 /* Sources */,
				0ADAEFE4295A375700967BB2 /* Frameworks */,
				0ADAEFE5295A375700967BB2 /* Resources */,
			);
			buildRules = (
			);
			dependencies = (
				0ADAEFE9295A375700967BB2 /* PBXTargetDependency */,
			);
			name = TrailsMakingTestUITests;
			productName = TrailsMakingTestUITests;
			productReference = 0ADAEFE7295A375700967BB2 /* TrailsMakingTestUITests.xctest */;
			productType = "com.apple.product-type.bundle.ui-testing";
		};
/* End PBXNativeTarget section */

/* Begin PBXProject section */
		0ADAEFC4295A375500967BB2 /* Project object */ = {
			isa = PBXProject;
			attributes = {
				BuildIndependentTargetsInParallel = 1;
				LastSwiftUpdateCheck = 1420;
				LastUpgradeCheck = 1420;
				TargetAttributes = {
					0ADAEFCB295A375500967BB2 = {
						CreatedOnToolsVersion = 14.2;
					};
					0ADAEFDC295A375700967BB2 = {
						CreatedOnToolsVersion = 14.2;
						TestTargetID = 0ADAEFCB295A375500967BB2;
					};
					0ADAEFE6295A375700967BB2 = {
						CreatedOnToolsVersion = 14.2;
						TestTargetID = 0ADAEFCB295A375500967BB2;
					};
				};
			};
			buildConfigurationList = 0ADAEFC7295A375500967BB2 /* Build configuration list for PBXProject "TrailsMakingTest" */;
			compatibilityVersion = "Xcode 14.0";
			developmentRegion = en;
			hasScannedForEncodings = 0;
			knownRegions = (
				en,
				Base,
			);
			mainGroup = 0ADAEFC3295A375500967BB2;
			productRefGroup = 0ADAEFCD295A375500967BB2 /* Products */;
			projectDirPath = "";
			projectRoot = "";
			targets = (
				0ADAEFCB295A375500967BB2 /* TrailsMakingTest */,
				0ADAEFDC295A375700967BB2 /* TrailsMakingTestTests */,
				0ADAEFE6295A375700967BB2 /* TrailsMakingTestUITests */,
			);
		};
/* End PBXProject section */

/* Begin PBXResourcesBuildPhase section */
		0ADAEFCA295A375500967BB2 /* Resources */ = {
			isa = PBXResourcesBuildPhase;
			buildActionMask = 2147483647;
			files = (
				0ADAEFD8295A375600967BB2 /* Preview Assets.xcassets in Resources */,
				0ADAEFD4295A375600967BB2 /* Assets.xcassets in Resources */,
			);
			runOnlyForDeploymentPostprocessing = 0;
		};
		0ADAEFDB295A375700967BB2 /* Resources */ = {
			isa = PBXResourcesBuildPhase;
			buildActionMask = 2147483647;
			files = (
			);
			runOnlyForDeploymentPostprocessing = 0;
		};
		0ADAEFE5295A375700967BB2 /* Resources */ = {
			isa = PBXResourcesBuildPhase;
			buildActionMask = 2147483647;
			files = (
			);
			runOnlyForDeploymentPostprocessing = 0;
		};
/* End PBXResourcesBuildPhase section */

/* Begin PBXSourcesBuildPhase section */
		0ADAEFC8295A375500967BB2 /* Sources */ = {
			isa = PBXSourcesBuildPhase;
			buildActionMask = 2147483647;
			files = (
				0ADAEFD2295A375500967BB2 /* ContentView.swift in Sources */,
				0ADAEFD0295A375500967BB2 /* TrailsMakingTestApp.swift in Sources */,
			);
			runOnlyForDeploymentPostprocessing = 0;
		};
		0ADAEFD9295A375700967BB2 /* Sources */ = {
			isa = PBXSourcesBuildPhase;
			buildActionMask = 2147483647;
			files = (
				0ADAEFE2295A375700967BB2 /* TrailsMakingTestTests.swift in Sources */,
			);
			runOnlyForDeploymentPostprocessing = 0;
		};
		0ADAEFE3295A375700967BB2 /* Sources */ = {
			isa = PBXSourcesBuildPhase;
			buildActionMask = 2147483647;
			files = (
				0ADAEFEE295A375700967BB2 /* TrailsMakingTestUITestsLaunchTests.swift in Sources */,
				0ADAEFEC295A375700967BB2 /* TrailsMakingTestUITests.swift in Sources */,
			);
			runOnlyForDeploymentPostprocessing = 0;
		};
/* End PBXSourcesBuildPhase section */

/* Begin PBXTargetDependency section */
		0ADAEFDF295A375700967BB2 /* PBXTargetDependency */ = {
			isa = PBXTargetDependency;
			target = 0ADAEFCB295A375500967BB2 /* TrailsMakingTest */;
			targetProxy = 0ADAEFDE295A375700967BB2 /* PBXContainerItemProxy */;
		};
		0ADAEFE9295A375700967BB2 /* PBXTargetDependency */ = {
			isa = PBXTargetDependency;
			target = 0ADAEFCB295A375500967BB2 /* TrailsMakingTest */;
			targetProxy = 0ADAEFE8295A375700967BB2 /* PBXContainerItemProxy */;
		};
/* End PBXTargetDependency section */

/* Begin XCBuildConfiguration section */
		0ADAEFEF295A375700967BB2 /* Debug */ = {
			isa = XCBuildConfiguration;
			buildSettings = {
				ALWAYS_SEARCH_USER_PATHS = NO;
				CLANG_ANALYZER_NONNULL = YES;
				CLANG_ANALYZER_NUMBER_OBJECT_CONVERSION = YES_AGGRESSIVE;
				CLANG_CXX_LANGUAGE_STANDARD = "gnu++20";
				CLANG_ENABLE_MODULES = YES;
				CLANG_ENABLE_OBJC_ARC = YES;
				CLANG_ENABLE_OBJC_WEAK = YES;
				CLANG_WARN_BLOCK_CAPTURE_AUTORELEASING = YES;
				CLANG_WARN_BOOL_CONVERSION = YES;
				CLANG_WARN_COMMA = YES;
				CLANG_WARN_CONSTANT_CONVERSION = YES;
				CLANG_WARN_DEPRECATED_OBJC_IMPLEMENTATIONS = YES;
				CLANG_WARN_DIRECT_OBJC_ISA_USAGE = YES_ERROR;
				CLANG_WARN_DOCUMENTATION_COMMENTS = YES;
				CLANG_WARN_EMPTY_BODY = YES;
				CLANG_WARN_ENUM_CONVERSION = YES;
				CLANG_WARN_INFINITE_RECURSION = YES;
				CLANG_WARN_INT_CONVERSION = YES;
				CLANG_WARN_NON_LITERAL_NULL_CONVERSION = YES;
				CLANG_WARN_OBJC_IMPLICIT_RETAIN_SELF = YES;
				CLANG_WARN_OBJC_LITERAL_CONVERSION = YES;
				CLANG_WARN_OBJC_ROOT_CLASS = YES_ERROR;
				CLANG_WARN_QUOTED_INCLUDE_IN_FRAMEWORK_HEADER = YES;
				CLANG_WARN_RANGE_LOOP_ANALYSIS = YES;
				CLANG_WARN_STRICT_PROTOTYPES = YES;
				CLANG_WARN_SUSPICIOUS_MOVE = YES;
				CLANG_WARN_UNGUARDED_AVAILABILITY = YES_AGGRESSIVE;
				CLANG_WARN_UNREACHABLE_CODE = YES;
				CLANG_WARN__DUPLICATE_METHOD_MATCH = YES;
				COPY_PHASE_STRIP = NO;
				DEBUG_INFORMATION_FORMAT = dwarf;
				ENABLE_STRICT_OBJC_MSGSEND = YES;
				ENABLE_TESTABILITY = YES;
				GCC_C_LANGUAGE_STANDARD = gnu11;
				GCC_DYNAMIC_NO_PIC = NO;
				GCC_NO_COMMON_BLOCKS = YES;
				GCC_OPTIMIZATION_LEVEL = 0;
				GCC_PREPROCESSOR_DEFINITIONS = (
					"DEBUG=1",
					"$(inherited)",
				);
				GCC_WARN_64_TO_32_BIT_CONVERSION = YES;
				GCC_WARN_ABOUT_RETURN_TYPE = YES_ERROR;
				GCC_WARN_UNDECLARED_SELECTOR = YES;
				GCC_WARN_UNINITIALIZED_AUTOS = YES_AGGRESSIVE;
				GCC_WARN_UNUSED_FUNCTION = YES;
				GCC_WARN_UNUSED_VARIABLE = YES;
				MTL_ENABLE_DEBUG_INFO = INCLUDE_SOURCE;
				MTL_FAST_MATH = YES;
				ONLY_ACTIVE_ARCH = YES;
				SWIFT_ACTIVE_COMPILATION_CONDITIONS = DEBUG;
				SWIFT_OPTIMIZATION_LEVEL = "-Onone";
			};
			name = Debug;
		};
		0ADAEFF0295A375700967BB2 /* Release */ = {
			isa = XCBuildConfiguration;
			buildSettings = {
				ALWAYS_SEARCH_USER_PATHS = NO;
				CLANG_ANALYZER_NONNULL = YES;
				CLANG_ANALYZER_NUMBER_OBJECT_CONVERSION = YES_AGGRESSIVE;
				CLANG_CXX_LANGUAGE_STANDARD = "gnu++20";
				CLANG_ENABLE_MODULES = YES;
				CLANG_ENABLE_OBJC_ARC = YES;
				CLANG_ENABLE_OBJC_WEAK = YES;
				CLANG_WARN_BLOCK_CAPTURE_AUTORELEASING = YES;
				CLANG_WARN_BOOL_CONVERSION = YES;
				CLANG_WARN_COMMA = YES;
				CLANG_WARN_CONSTANT_CONVERSION = YES;
				CLANG_WARN_DEPRECATED_OBJC_IMPLEMENTATIONS = YES;
				CLANG_WARN_DIRECT_OBJC_ISA_USAGE = YES_ERROR;
				CLANG_WARN_DOCUMENTATION_COMMENTS = YES;
				CLANG_WARN_EMPTY_BODY = YES;
				CLANG_WARN_ENUM_CONVERSION = YES;
				CLANG_WARN_INFINITE_RECURSION = YES;
				CLANG_WARN_INT_CONVERSION = YES;
				CLANG_WARN_NON_LITERAL_NULL_CONVERSION = YES;
				CLANG_WARN_OBJC_IMPLICIT_RETAIN_SELF = YES;
				CLANG_WARN_OBJC_LITERAL_CONVERSION = YES;
				CLANG_WARN_OBJC_ROOT_CLASS = YES_ERROR;
				CLANG_WARN_QUOTED_INCLUDE_IN_FRAMEWORK_HEADER = YES;
				CLANG_WARN_RANGE_LOOP_ANALYSIS = YES;
				CLANG_WARN_STRICT_PROTOTYPES = YES;
				CLANG_WARN_SUSPICIOUS_MOVE = YES;
				CLANG_WARN_UNGUARDED_AVAILABILITY = YES_AGGRESSIVE;
				CLANG_WARN_UNREACHABLE_CODE = YES;
				CLANG_WARN__DUPLICATE_METHOD_MATCH = YES;
				COPY_PHASE_STRIP = NO;
				DEBUG_INFORMATION_FORMAT = "dwarf-with-dsym";
				ENABLE_NS_ASSERTIONS = NO;
				ENABLE_STRICT_OBJC_MSGSEND = YES;
				GCC_C_LANGUAGE_STANDARD = gnu11;
				GCC_NO_COMMON_BLOCKS = YES;
				GCC_WARN_64_TO_32_BIT_CONVERSION = YES;
				GCC_WARN_ABOUT_RETURN_TYPE = YES_ERROR;
				GCC_WARN_UNDECLARED_SELECTOR = YES;
				GCC_WARN_UNINITIALIZED_AUTOS = YES_AGGRESSIVE;
				GCC_WARN_UNUSED_FUNCTION = YES;
				GCC_WARN_UNUSED_VARIABLE = YES;
				MTL_ENABLE_DEBUG_INFO = NO;
				MTL_FAST_MATH = YES;
				SWIFT_COMPILATION_MODE = wholemodule;
				SWIFT_OPTIMIZATION_LEVEL = "-O";
			};
			name = Release;
		};
		0ADAEFF2295A375700967BB2 /* Debug */ = {
			isa = XCBuildConfiguration;
			buildSettings = {
				ASSETCATALOG_COMPILER_APPICON_NAME = AppIcon;
				ASSETCATALOG_COMPILER_GLOBAL_ACCENT_COLOR_NAME = AccentColor;
				CODE_SIGN_ENTITLEMENTS = TrailsMakingTest/TrailsMakingTest.entitlements;
				CODE_SIGN_STYLE = Automatic;
				CURRENT_PROJECT_VERSION = 1;
				DEVELOPMENT_ASSET_PATHS = "\"TrailsMakingTest/Preview Content\"";
				DEVELOPMENT_TEAM = 3G5Y8DUBSM;
				ENABLE_HARDENED_RUNTIME = YES;
				ENABLE_PREVIEWS = YES;
				GENERATE_INFOPLIST_FILE = YES;
				"INFOPLIST_KEY_UIApplicationSceneManifest_Generation[sdk=iphoneos*]" = YES;
				"INFOPLIST_KEY_UIApplicationSceneManifest_Generation[sdk=iphonesimulator*]" = YES;
				"INFOPLIST_KEY_UIApplicationSupportsIndirectInputEvents[sdk=iphoneos*]" = YES;
				"INFOPLIST_KEY_UIApplicationSupportsIndirectInputEvents[sdk=iphonesimulator*]" = YES;
				"INFOPLIST_KEY_UILaunchScreen_Generation[sdk=iphoneos*]" = YES;
				"INFOPLIST_KEY_UILaunchScreen_Generation[sdk=iphonesimulator*]" = YES;
				"INFOPLIST_KEY_UIStatusBarStyle[sdk=iphoneos*]" = UIStatusBarStyleDefault;
				"INFOPLIST_KEY_UIStatusBarStyle[sdk=iphonesimulator*]" = UIStatusBarStyleDefault;
				INFOPLIST_KEY_UISupportedInterfaceOrientations_iPad = "UIInterfaceOrientationPortrait UIInterfaceOrientationPortraitUpsideDown UIInterfaceOrientationLandscapeLeft UIInterfaceOrientationLandscapeRight";
				INFOPLIST_KEY_UISupportedInterfaceOrientations_iPhone = "UIInterfaceOrientationPortrait UIInterfaceOrientationLandscapeLeft UIInterfaceOrientationLandscapeRight";
				IPHONEOS_DEPLOYMENT_TARGET = 15.6;
				LD_RUNPATH_SEARCH_PATHS = "@executable_path/Frameworks";
				"LD_RUNPATH_SEARCH_PATHS[sdk=macosx*]" = "@executable_path/../Frameworks";
				MACOSX_DEPLOYMENT_TARGET = 13.1;
				MARKETING_VERSION = 1.0;
				PRODUCT_BUNDLE_IDENTIFIER = kevin.TrailsMakingTest;
				PRODUCT_NAME = "$(TARGET_NAME)";
				SDKROOT = auto;
				SUPPORTED_PLATFORMS = "iphoneos iphonesimulator macosx";
				SWIFT_EMIT_LOC_STRINGS = YES;
				SWIFT_VERSION = 5.0;
				TARGETED_DEVICE_FAMILY = "1,2";
			};
			name = Debug;
		};
		0ADAEFF3295A375700967BB2 /* Release */ = {
			isa = XCBuildConfiguration;
			buildSettings = {
				ASSETCATALOG_COMPILER_APPICON_NAME = AppIcon;
				ASSETCATALOG_COMPILER_GLOBAL_ACCENT_COLOR_NAME = AccentColor;
				CODE_SIGN_ENTITLEMENTS = TrailsMakingTest/TrailsMakingTest.entitlements;
				CODE_SIGN_STYLE = Automatic;
				CURRENT_PROJECT_VERSION = 1;
				DEVELOPMENT_ASSET_PATHS = "\"TrailsMakingTest/Preview Content\"";
				DEVELOPMENT_TEAM = 3G5Y8DUBSM;
				ENABLE_HARDENED_RUNTIME = YES;
				ENABLE_PREVIEWS = YES;
				GENERATE_INFOPLIST_FILE = YES;
				"INFOPLIST_KEY_UIApplicationSceneManifest_Generation[sdk=iphoneos*]" = YES;
				"INFOPLIST_KEY_UIApplicationSceneManifest_Generation[sdk=iphonesimulator*]" = YES;
				"INFOPLIST_KEY_UIApplicationSupportsIndirectInputEvents[sdk=iphoneos*]" = YES;
				"INFOPLIST_KEY_UIApplicationSupportsIndirectInputEvents[sdk=iphonesimulator*]" = YES;
				"INFOPLIST_KEY_UILaunchScreen_Generation[sdk=iphoneos*]" = YES;
				"INFOPLIST_KEY_UILaunchScreen_Generation[sdk=iphonesimulator*]" = YES;
				"INFOPLIST_KEY_UIStatusBarStyle[sdk=iphoneos*]" = UIStatusBarStyleDefault;
				"INFOPLIST_KEY_UIStatusBarStyle[sdk=iphonesimulator*]" = UIStatusBarStyleDefault;
				INFOPLIST_KEY_UISupportedInterfaceOrientations_iPad = "UIInterfaceOrientationPortrait UIInterfaceOrientationPortraitUpsideDown UIInterfaceOrientationLandscapeLeft UIInterfaceOrientationLandscapeRight";
				INFOPLIST_KEY_UISupportedInterfaceOrientations_iPhone = "UIInterfaceOrientationPortrait UIInterfaceOrientationLandscapeLeft UIInterfaceOrientationLandscapeRight";
				IPHONEOS_DEPLOYMENT_TARGET = 15.6;
				LD_RUNPATH_SEARCH_PATHS = "@executable_path/Frameworks";
				"LD_RUNPATH_SEARCH_PATHS[sdk=macosx*]" = "@executable_path/../Frameworks";
				MACOSX_DEPLOYMENT_TARGET = 13.1;
				MARKETING_VERSION = 1.0;
				PRODUCT_BUNDLE_IDENTIFIER = kevin.TrailsMakingTest;
				PRODUCT_NAME = "$(TARGET_NAME)";
				SDKROOT = auto;
				SUPPORTED_PLATFORMS = "iphoneos iphonesimulator macosx";
				SWIFT_EMIT_LOC_STRINGS = YES;
				SWIFT_VERSION = 5.0;
				TARGETED_DEVICE_FAMILY = "1,2";
			};
			name = Release;
		};
		0ADAEFF5295A375700967BB2 /* Debug */ = {
			isa = XCBuildConfiguration;
			buildSettings = {
				ALWAYS_EMBED_SWIFT_STANDARD_LIBRARIES = YES;
				BUNDLE_LOADER = "$(TEST_HOST)";
				CODE_SIGN_STYLE = Automatic;
				CURRENT_PROJECT_VERSION = 1;
				DEVELOPMENT_TEAM = 3G5Y8DUBSM;
				GENERATE_INFOPLIST_FILE = YES;
				IPHONEOS_DEPLOYMENT_TARGET = 16.2;
				MACOSX_DEPLOYMENT_TARGET = 13.1;
				MARKETING_VERSION = 1.0;
				PRODUCT_BUNDLE_IDENTIFIER = kevin.TrailsMakingTestTests;
				PRODUCT_NAME = "$(TARGET_NAME)";
				SDKROOT = auto;
				SUPPORTED_PLATFORMS = "iphoneos iphonesimulator macosx";
				SWIFT_EMIT_LOC_STRINGS = NO;
				SWIFT_VERSION = 5.0;
				TARGETED_DEVICE_FAMILY = "1,2";
				TEST_HOST = "$(BUILT_PRODUCTS_DIR)/TrailsMakingTest.app/$(BUNDLE_EXECUTABLE_FOLDER_PATH)/TrailsMakingTest";
			};
			name = Debug;
		};
		0ADAEFF6295A375700967BB2 /* Release */ = {
			isa = XCBuildConfiguration;
			buildSettings = {
				ALWAYS_EMBED_SWIFT_STANDARD_LIBRARIES = YES;
				BUNDLE_LOADER = "$(TEST_HOST)";
				CODE_SIGN_STYLE = Automatic;
				CURRENT_PROJECT_VERSION = 1;
				DEVELOPMENT_TEAM = 3G5Y8DUBSM;
				GENERATE_INFOPLIST_FILE = YES;
				IPHONEOS_DEPLOYMENT_TARGET = 16.2;
				MACOSX_DEPLOYMENT_TARGET = 13.1;
				MARKETING_VERSION = 1.0;
				PRODUCT_BUNDLE_IDENTIFIER = kevin.TrailsMakingTestTests;
				PRODUCT_NAME = "$(TARGET_NAME)";
				SDKROOT = auto;
				SUPPORTED_PLATFORMS = "iphoneos iphonesimulator macosx";
				SWIFT_EMIT_LOC_STRINGS = NO;
				SWIFT_VERSION = 5.0;
				TARGETED_DEVICE_FAMILY = "1,2";
				TEST_HOST = "$(BUILT_PRODUCTS_DIR)/TrailsMakingTest.app/$(BUNDLE_EXECUTABLE_FOLDER_PATH)/TrailsMakingTest";
			};
			name = Release;
		};
		0ADAEFF8295A375700967BB2 /* Debug */ = {
			isa = XCBuildConfiguration;
			buildSettings = {
				ALWAYS_EMBED_SWIFT_STANDARD_LIBRARIES = YES;
				CODE_SIGN_STYLE = Automatic;
				CURRENT_PROJECT_VERSION = 1;
				DEVELOPMENT_TEAM = 3G5Y8DUBSM;
				GENERATE_INFOPLIST_FILE = YES;
				IPHONEOS_DEPLOYMENT_TARGET = 16.2;
				MACOSX_DEPLOYMENT_TARGET = 13.1;
				MARKETING_VERSION = 1.0;
				PRODUCT_BUNDLE_IDENTIFIER = kevin.TrailsMakingTestUITests;
				PRODUCT_NAME = "$(TARGET_NAME)";
				SDKROOT = auto;
				SUPPORTED_PLATFORMS = "iphoneos iphonesimulator macosx";
				SWIFT_EMIT_LOC_STRINGS = NO;
				SWIFT_VERSION = 5.0;
				TARGETED_DEVICE_FAMILY = "1,2";
				TEST_TARGET_NAME = TrailsMakingTest;
			};
			name = Debug;
		};
		0ADAEFF9295A375700967BB2 /* Release */ = {
			isa = XCBuildConfiguration;
			buildSettings = {
				ALWAYS_EMBED_SWIFT_STANDARD_LIBRARIES = YES;
				CODE_SIGN_STYLE = Automatic;
				CURRENT_PROJECT_VERSION = 1;
				DEVELOPMENT_TEAM = 3G5Y8DUBSM;
				GENERATE_INFOPLIST_FILE = YES;
				IPHONEOS_DEPLOYMENT_TARGET = 16.2;
				MACOSX_DEPLOYMENT_TARGET = 13.1;
				MARKETING_VERSION = 1.0;
				PRODUCT_BUNDLE_IDENTIFIER = kevin.TrailsMakingTestUITests;
				PRODUCT_NAME = "$(TARGET_NAME)";
				SDKROOT = auto;
				SUPPORTED_PLATFORMS = "iphoneos iphonesimulator macosx";
				SWIFT_EMIT_LOC_STRINGS = NO;
				SWIFT_VERSION = 5.0;
				TARGETED_DEVICE_FAMILY = "1,2";
				TEST_TARGET_NAME = TrailsMakingTest;
			};
			name = Release;
		};
/* End XCBuildConfiguration section */

/* Begin XCConfigurationList section */
		0ADAEFC7295A375500967BB2 /* Build configuration list for PBXProject "TrailsMakingTest" */ = {
			isa = XCConfigurationList;
			buildConfigurations = (
				0ADAEFEF295A375700967BB2 /* Debug */,
				0ADAEFF0295A375700967BB2 /* Release */,
			);
			defaultConfigurationIsVisible = 0;
			defaultConfigurationName = Release;
		};
		0ADAEFF1295A375700967BB2 /* Build configuration list for PBXNativeTarget "TrailsMakingTest" */ = {
			isa = XCConfigurationList;
			buildConfigurations = (
				0ADAEFF2295A375700967BB2 /* Debug */,
				0ADAEFF3295A375700967BB2 /* Release */,
			);
			defaultConfigurationIsVisible = 0;
			defaultConfigurationName = Release;
		};
		0ADAEFF4295A375700967BB2 /* Build configuration list for PBXNativeTarget "TrailsMakingTestTests" */ = {
			isa = XCConfigurationList;
			buildConfigurations = (
				0ADAEFF5295A375700967BB2 /* Debug */,
				0ADAEFF6295A375700967BB2 /* Release */,
			);
			defaultConfigurationIsVisible = 0;
			defaultConfigurationName = Release;
		};
		0ADAEFF7295A375700967BB2 /* Build configuration list for PBXNativeTarget "TrailsMakingTestUITests" */ = {
			isa = XCConfigurationList;
			buildConfigurations = (
				0ADAEFF8295A375700967BB2 /* Debug */,
				0ADAEFF9295A375700967BB2 /* Release */,
			);
			defaultConfigurationIsVisible = 0;
			defaultConfigurationName = Release;
		};
/* End XCConfigurationList section */
	};
	rootObject = 0ADAEFC4295A375500967BB2 /* Project object */;
}
